
Microsoft Visual Studio Solution File, Format Version 12.00
# Visual Studio Version 17
VisualStudioVersion = 17.6.33815.320
MinimumVisualStudioVersion = 10.0.40219.1
Project("{9A19103F-16F7-4668-BE54-9A1E7A4F7556}") = "BankStatements", "BankStatements\BankStatements.csproj", "{00A33FD4-0124-4122-A857-CC910014233B}"
EndProject
Project("{FAE04EC0-301F-11D3-BF4B-00C04F79EFBC}") = "BankStatementsTest", "BankStatementsTest\BankStatementsTest.csproj", "{113474A3-322D-4FA5-AFE9-75BF15D89428}"
	ProjectSection(ProjectDependencies) = postProject
		{00A33FD4-0124-4122-A857-CC910014233B} = {00A33FD4-0124-4122-A857-CC910014233B}
	EndProjectSection
EndProject
Global
	GlobalSection(SolutionConfigurationPlatforms) = preSolution
		Debug|Any CPU = Debug|Any CPU
		Release|Any CPU = Release|Any CPU
	EndGlobalSection
	GlobalSection(ProjectConfigurationPlatforms) = postSolution
		{00A33FD4-0124-4122-A857-CC910014233B}.Debug|Any CPU.ActiveCfg = Debug|Any CPU
		{00A33FD4-0124-4122-A857-CC910014233B}.Debug|Any CPU.Build.0 = Debug|Any CPU
		{00A33FD4-0124-4122-A857-CC910014233B}.Release|Any CPU.ActiveCfg = Release|Any CPU
		{00A33FD4-0124-4122-A857-CC910014233B}.Release|Any CPU.Build.0 = Release|Any CPU
		{113474A3-322D-4FA5-AFE9-75BF15D89428}.Debug|Any CPU.ActiveCfg = Debug|Any CPU
		{113474A3-322D-4FA5-AFE9-75BF15D89428}.Debug|Any CPU.Build.0 = Debug|Any CPU
		{113474A3-322D-4FA5-AFE9-75BF15D89428}.Release|Any CPU.ActiveCfg = Release|Any CPU
		{113474A3-322D-4FA5-AFE9-75BF15D89428}.Release|Any CPU.Build.0 = Release|Any CPU
	EndGlobalSection
	GlobalSection(SolutionProperties) = preSolution
		HideSolutionNode = FALSE
	EndGlobalSection
	GlobalSection(ExtensibilityGlobals) = postSolution
		SolutionGuid = {E7D601AD-078E-4D46-A7D4-22A1B8D0BD02}
	EndGlobalSection
EndGlobal
